
Microsoft Visual Studio Solution File, Format Version 12.00
# Visual Studio Version 16
VisualStudioVersion = 16.0.32510.428
MinimumVisualStudioVersion = 10.0.40219.1
Project("{FAE04EC0-301F-11D3-BF4B-00C04F79EFBC}") = "uravnenie", "uravnenie\uravnenie.csproj", "{43DC92E4-2E34-47FB-A771-13FA2E77CC21}"
EndProject
Global
	GlobalSection(SolutionConfigurationPlatforms) = preSolution
		Debug|Any CPU = Debug|Any CPU
		Release|Any CPU = Release|Any CPU
	EndGlobalSection
	GlobalSection(ProjectConfigurationPlatforms) = postSolution
		{43DC92E4-2E34-47FB-A771-13FA2E77CC21}.Debug|Any CPU.ActiveCfg = Debug|Any CPU
		{43DC92E4-2E34-47FB-A771-13FA2E77CC21}.Debug|Any CPU.Build.0 = Debug|Any CPU
		{43DC92E4-2E34-47FB-A771-13FA2E77CC21}.Release|Any CPU.ActiveCfg = Release|Any CPU
		{43DC92E4-2E34-47FB-A771-13FA2E77CC21}.Release|Any CPU.Build.0 = Release|Any CPU
	EndGlobalSection
	GlobalSection(SolutionProperties) = preSolution
		HideSolutionNode = FALSE
	EndGlobalSection
	GlobalSection(ExtensibilityGlobals) = postSolution
		SolutionGuid = {9983E150-A140-4466-98E7-EDFE34DEA337}
	EndGlobalSection
EndGlobal
